
Microsoft Visual Studio Solution File, Format Version 12.00
# Visual Studio Version 17
VisualStudioVersion = 17.7.34009.444
MinimumVisualStudioVersion = 10.0.40219.1
Project("{9A19103F-16F7-4668-BE54-9A1E7A4F7556}") = "AdrGaspard.ChokefishSuite.Core", "AdrGaspard.ChokefishSuite.Core\AdrGaspard.ChokefishSuite.Core.csproj", "{6C0BE0B2-1943-4B31-BFCA-544C51D81124}"
EndProject
Global
	GlobalSection(SolutionConfigurationPlatforms) = preSolution
		Debug|Any CPU = Debug|Any CPU
		Release|Any CPU = Release|Any CPU
	EndGlobalSection
	GlobalSection(ProjectConfigurationPlatforms) = postSolution
		{6C0BE0B2-1943-4B31-BFCA-544C51D81124}.Debug|Any CPU.ActiveCfg = Debug|Any CPU
		{6C0BE0B2-1943-4B31-BFCA-544C51D81124}.Debug|Any CPU.Build.0 = Debug|Any CPU
		{6C0BE0B2-1943-4B31-BFCA-544C51D81124}.Release|Any CPU.ActiveCfg = Release|Any CPU
		{6C0BE0B2-1943-4B31-BFCA-544C51D81124}.Release|Any CPU.Build.0 = Release|Any CPU
	EndGlobalSection
	GlobalSection(SolutionProperties) = preSolution
		HideSolutionNode = FALSE
	EndGlobalSection
	GlobalSection(ExtensibilityGlobals) = postSolution
		SolutionGuid = {8D1087FB-88A1-401C-8364-0573B7FC5B7F}
	EndGlobalSection
EndGlobal
